{
  "name": "hoist-all",
  "version": "0.0.14",
  "lockfileVersion": 3,
  "requires": true,
  "packages": {
    "": {
      "name": "hoist-all",
      "version": "0.0.14",
      "license": "MIT",
      "dependencies": {
        "commander": "^14.0.0"
      },
      "bin": {
        "hoist-all": "bin/cli.js"
      }
    },
    "node_modules/commander": {
      "version": "14.0.0",
      "resolved": "https://registry.npmjs.org/commander/-/commander-14.0.0.tgz",
      "integrity": "sha512-2uM9rYjPvyq39NwLRqaiLtWHyDC1FvryJDa2ATTVims5YAS4PupsEQsDvP14FqhFr0P49CYDugi59xaxJlTXRA==",
      "license": "MIT",
      "engines": {
        "node": ">=20"
      }
    }
  }
}
